# THIS IS AN AUTOGENERATED FILE. DO NOT EDIT THIS FILE DIRECTLY.
# yarn lockfile v1


"@types/dom-inputevent@^1.0.3":
  version "1.0.5"
  resolved "https://registry.yarnpkg.com/@types/dom-inputevent/-/dom-inputevent-1.0.5.tgz#c880fa9b4482b49accc107e4a950117a1af7a61b"
  integrity sha512-oL8NzIAn1J8vsIigjEM2qip6PUBRkb1kE+3gbM+NvSCzrScgz+Ixymuv9Z9jmktVjeHWMJc9zhP49YBUBeCTaQ==

"@types/prop-types@*":
  version "15.7.3"
  resolved "https://registry.yarnpkg.com/@types/prop-types/-/prop-types-15.7.3.tgz#2ab0d5da2e5815f94b0b9d4b95d1e5f243ab2ca7"
  integrity sha512-KfRL3PuHmqQLOG+2tGpRO26Ctg+Cq1E01D2DMriKEATHgWLfeNDmq9e29Q9WIky0dQ3NPkd1mzYH8Lm936Z9qw==

"@types/react-dom@^16.9.1":
  version "16.9.1"
  resolved "https://registry.yarnpkg.com/@types/react-dom/-/react-dom-16.9.1.tgz#79206237cba9532a9f870b1cd5428bef6b66378c"
  integrity sha512-1S/akvkKr63qIUWVu5IKYou2P9fHLb/P2VAwyxVV85JGaGZTcUniMiTuIqM3lXFB25ej6h+CYEQ27ERVwi6eGA==
  dependencies:
    "@types/react" "*"

"@types/react@*", "@types/react@^16.9.3":
  version "16.9.3"
  resolved "https://registry.yarnpkg.com/@types/react/-/react-16.9.3.tgz#6d13251e441a3e67fb60d719d1fc8785b984a2ec"
  integrity sha512-Ogb2nSn+2qQv5opoCv7Ls5yFxtyrdUYxp5G+SWTrlGk7dmFKw331GiezCgEZj9U7QeXJi1CDtws9pdXU1zUL4g==
  dependencies:
    "@types/prop-types" "*"
    csstype "^2.2.0"

csstype@^2.2.0:
  version "2.6.6"
  resolved "https://registry.yarnpkg.com/csstype/-/csstype-2.6.6.tgz#c34f8226a94bbb10c32cc0d714afdf942291fc41"
  integrity sha512-RpFbQGUE74iyPgvr46U9t1xoQBM8T4BL8SxrN66Le2xYAPSaDJJKeztV3awugusb3g3G9iL8StmkBBXhcbbXhg==

"js-tokens@^3.0.0 || ^4.0.0":
  version "4.0.0"
  resolved "https://registry.yarnpkg.com/js-tokens/-/js-tokens-4.0.0.tgz#19203fb59991df98e3a287050d4647cdeaf32499"
  integrity sha512-RdJUflcE3cUzKiMqQgsCu06FPu9UdIJO0beYbPhHN4k6apgJtifcoCtT9bcxOpYBtpD2kCM6Sbzg4CausW/PKQ==

loose-envify@^1.1.0, loose-envify@^1.4.0:
  version "1.4.0"
  resolved "https://registry.yarnpkg.com/loose-envify/-/loose-envify-1.4.0.tgz#71ee51fa7be4caec1a63839f7e682d8132d30caf"
  integrity sha512-lyuxPGr/Wfhrlem2CL/UcnUc1zcqKAImBDzukY7Y5F/yQiNdko6+fRLevlw1HgMySw7f611UIY408EtxRSoK3Q==
  dependencies:
    js-tokens "^3.0.0 || ^4.0.0"

object-assign@^4.1.1:
  version "4.1.1"
  resolved "https://registry.yarnpkg.com/object-assign/-/object-assign-4.1.1.tgz#2109adc7965887cfc05cbbd442cac8bfbb360863"
  integrity sha1-IQmtx5ZYh8/AXLvUQsrIv7s2CGM=

prop-types@^15.6.2:
  version "15.7.2"
  resolved "https://registry.yarnpkg.com/prop-types/-/prop-types-15.7.2.tgz#52c41e75b8c87e72b9d9360e0206b99dcbffa6c5"
  integrity sha512-8QQikdH7//R2vurIJSutZ1smHYTcLpRWEOlHnzcWHmBYrOGUysKwSsrC89BCiFj3CbrfJ/nXFdJepOVrY1GCHQ==
  dependencies:
    loose-envify "^1.4.0"
    object-assign "^4.1.1"
    react-is "^16.8.1"

react-dom@^16.10.0:
  version "16.10.0"
  resolved "https://registry.yarnpkg.com/react-dom/-/react-dom-16.10.0.tgz#319356767b5c044f3c016eef28518ef7726dce84"
  integrity sha512-0QJQUFrKG04hB/1lWyUs/FOd1qNseKGRQI+JBRsADIqVAFxYObhZ2zsVQKjt+nVSCmi8KA0sL52RLwwWuXQtOw==
  dependencies:
    loose-envify "^1.1.0"
    object-assign "^4.1.1"
    prop-types "^15.6.2"
    scheduler "^0.16.0"

react-is@^16.8.1:
  version "16.10.0"
  resolved "https://registry.yarnpkg.com/react-is/-/react-is-16.10.0.tgz#3d6a031e57fff73c3cfa0347feb3e8f40c5141e5"
  integrity sha512-WRki2sBb7MTpYp7FtDEmSeGKX2vamYyq3rc9o7fKUG+/DHVyJu69NnvJsiSwwhh2Tt8XN40MQHkDBEXwyfxncQ==

react@^16.10.0:
  version "16.10.0"
  resolved "https://registry.yarnpkg.com/react/-/react-16.10.0.tgz#95c41e8fc1c706e174deef54b663b5ab94c8ee32"
  integrity sha512-lc37bD3j6ZWJRso/a1rrFu6CO1qOf30ZadUDBi1c5RHA1lBSWA8x2MGABB6Oikk+RfmgC+kAT+XegL0eD1ecKg==
  dependencies:
    loose-envify "^1.1.0"
    object-assign "^4.1.1"
    prop-types "^15.6.2"

roosterjs-editor-api@:
  version "7.7.1"
  resolved "https://registry.yarnpkg.com/roosterjs-editor-api/-/roosterjs-editor-api-7.7.1.tgz#5a0487e16b27011632362583c832e30efcb919a5"
  integrity sha512-dIx8sa5GOCPvJ5uL0OKfbppOdMax8m43JGbJKg6GTB6WaNUto9Wzu4F3cqZyYbp0ubvz+BkWWm6G92HppFJITA==
  dependencies:
    roosterjs-editor-core "7.7.1"
    roosterjs-editor-dom "7.7.1"
    roosterjs-editor-types "7.7.1"

roosterjs-editor-core@, roosterjs-editor-core@7.7.1:
  version "7.7.1"
  resolved "https://registry.yarnpkg.com/roosterjs-editor-core/-/roosterjs-editor-core-7.7.1.tgz#38309ae815236e67f23cf9a97bdb5db76b582217"
  integrity sha512-ttHcFCEehS0bhwan0AsXb9uxylUHoUdtKbjJ2HVvfKdj/UvpAO1MyL9vjoThzldiFdOFI+hst6hBSUEPP1WEYA==
  dependencies:
    roosterjs-editor-dom "7.7.1"
    roosterjs-editor-types "7.7.1"

roosterjs-editor-dom@, roosterjs-editor-dom@7.7.1:
  version "7.7.1"
  resolved "https://registry.yarnpkg.com/roosterjs-editor-dom/-/roosterjs-editor-dom-7.7.1.tgz#47b8774223b3ff697656c3a16e75d8750d281672"
  integrity sha512-XTYILfSIniaGsE7bfk81gQAHr1YE3ZLGSD9Jki77H9T+6mje4jrEEo4depLNksJD/bl3EhZ/uFd6CA38g2rBTg==
  dependencies:
    roosterjs-editor-types "7.7.1"
    roosterjs-html-sanitizer "1.1.3"

roosterjs-editor-types@, roosterjs-editor-types@7.7.1:
  version "7.7.1"
  resolved "https://registry.yarnpkg.com/roosterjs-editor-types/-/roosterjs-editor-types-7.7.1.tgz#75e0aa396770f06091ee27562dfe708425ddee34"
  integrity sha512-gZHV7dbXSlCwhWEttgqA75kcee1W/zFgBi+QtFr58nU3iaQ9xMo61snOUWGQRvCEMmdQrVv1vmxSW6zbh73cOQ==
  dependencies:
    "@types/dom-inputevent" "^1.0.3"

roosterjs-html-sanitizer@1.1.3:
  version "1.1.3"
  resolved "https://registry.yarnpkg.com/roosterjs-html-sanitizer/-/roosterjs-html-sanitizer-1.1.3.tgz#bd75ca9714d81012b4bc2285490dea5255cee8cb"
  integrity sha512-hw9Pwqc7ur0AJhpmWsNGPGgoRLnacrYTn7sAq7UJflRCpD7vrMlsc1J+nowUOKE1Jo07VOvub2AnvFD9rZ8aDw==

scheduler@^0.16.0:
  version "0.16.0"
  resolved "https://registry.yarnpkg.com/scheduler/-/scheduler-0.16.0.tgz#cc8914b79c5c1cfa16714cb1ddc4cbd2c7513efa"
  integrity sha512-Jq59uCXQzi71B562VEjuDgvsgfTfkLDvdjNhA7hamN/fKBxecXIEFF24Zu4OVrnAz9NJJ8twa9X16Zp4b0P/xQ==
  dependencies:
    loose-envify "^1.1.0"
    object-assign "^4.1.1"
